// !$*UTF8*$!
{
	archiveVersion = 1;
	classes = {
	};
	objectVersion = 50;
	objects = {

/* Begin PBXBuildFile section */
		9540719625B0C04500C84EDE /* ClassR.cpp in Sources */ = {isa = PBXBuildFile; fileRef = 9540719425B0C04500C84EDE /* ClassR.cpp */; };
		9540719A25B0C10D00C84EDE /* Shapes.cpp in Sources */ = {isa = PBXBuildFile; fileRef = 9540719925B0C10D00C84EDE /* Shapes.cpp */; };
		954497E425ABB0A6006E0C77 /* InClassAssignment1.cpp in Sources */ = {isa = PBXBuildFile; fileRef = 954497E325ABB0A6006E0C77 /* InClassAssignment1.cpp */; };
		954BB32725AE9928000FBDD5 /* SoccerPlayers.cpp in Sources */ = {isa = PBXBuildFile; fileRef = 954BB32625AE9928000FBDD5 /* SoccerPlayers.cpp */; };
		9570D2BD25ACCFDB001C7F50 /* Student.cpp in Sources */ = {isa = PBXBuildFile; fileRef = 9570D2BC25ACCFDB001C7F50 /* Student.cpp */; };
		95AC31E625B21129009835D4 /* StudentClassExamples.cpp in Sources */ = {isa = PBXBuildFile; fileRef = 95AC31E525B21129009835D4 /* StudentClassExamples.cpp */; };
		95AC31EB25B211F7009835D4 /* StudentClass.cpp in Sources */ = {isa = PBXBuildFile; fileRef = 95AC31E925B211F7009835D4 /* StudentClass.cpp */; };
		95BA45A225AF6D390008AE9C /* ClassNotes.cpp in Sources */ = {isa = PBXBuildFile; fileRef = 95BA45A125AF6D390008AE9C /* ClassNotes.cpp */; };
		95C0EDED25A4E7B20038D9D8 /* charString.cpp in Sources */ = {isa = PBXBuildFile; fileRef = 95C0EDEB25A4E7B20038D9D8 /* charString.cpp */; };
		95C28D1925B5F24A004813B4 /* PasswordEncrypter.cpp in Sources */ = {isa = PBXBuildFile; fileRef = 95C28D1825B5F24A004813B4 /* PasswordEncrypter.cpp */; };
		95D5F69025A8D5ED0031B7DD /* StructData.cpp in Sources */ = {isa = PBXBuildFile; fileRef = 95D5F68F25A8D5ED0031B7DD /* StructData.cpp */; };
		95E4302125A78587000BD22A /* AssignmentOne.cpp in Sources */ = {isa = PBXBuildFile; fileRef = 95E4302025A78587000BD22A /* AssignmentOne.cpp */; };
/* End PBXBuildFile section */

/* Begin PBXCopyFilesBuildPhase section */
		95C0EDD225A4E3D60038D9D8 /* CopyFiles */ = {
			isa = PBXCopyFilesBuildPhase;
			buildActionMask = 2147483647;
			dstPath = /usr/share/man/man1/;
			dstSubfolderSpec = 0;
			files = (
			);
			runOnlyForDeploymentPostprocessing = 1;
		};
/* End PBXCopyFilesBuildPhase section */

/* Begin PBXFileReference section */
		9540719425B0C04500C84EDE /* ClassR.cpp */ = {isa = PBXFileReference; lastKnownFileType = sourcecode.cpp.cpp; path = ClassR.cpp; sourceTree = "<group>"; };
		9540719525B0C04500C84EDE /* ClassR.hpp */ = {isa = PBXFileReference; lastKnownFileType = sourcecode.cpp.h; path = ClassR.hpp; sourceTree = "<group>"; };
		9540719925B0C10D00C84EDE /* Shapes.cpp */ = {isa = PBXFileReference; lastKnownFileType = sourcecode.cpp.cpp; path = Shapes.cpp; sourceTree = "<group>"; };
		954497E325ABB0A6006E0C77 /* InClassAssignment1.cpp */ = {isa = PBXFileReference; fileEncoding = 4; lastKnownFileType = sourcecode.cpp.cpp; path = InClassAssignment1.cpp; sourceTree = "<group>"; };
		954BB32625AE9928000FBDD5 /* SoccerPlayers.cpp */ = {isa = PBXFileReference; lastKnownFileType = sourcecode.cpp.cpp; path = SoccerPlayers.cpp; sourceTree = "<group>"; };
		9570D2BC25ACCFDB001C7F50 /* Student.cpp */ = {isa = PBXFileReference; lastKnownFileType = sourcecode.cpp.cpp; path = Student.cpp; sourceTree = "<group>"; };
		95AC31E525B21129009835D4 /* StudentClassExamples.cpp */ = {isa = PBXFileReference; lastKnownFileType = sourcecode.cpp.cpp; path = StudentClassExamples.cpp; sourceTree = "<group>"; };
		95AC31E925B211F7009835D4 /* StudentClass.cpp */ = {isa = PBXFileReference; lastKnownFileType = sourcecode.cpp.cpp; path = StudentClass.cpp; sourceTree = "<group>"; };
		95AC31EA25B211F7009835D4 /* StudentClass.hpp */ = {isa = PBXFileReference; lastKnownFileType = sourcecode.cpp.h; path = StudentClass.hpp; sourceTree = "<group>"; };
		95BA45A125AF6D390008AE9C /* ClassNotes.cpp */ = {isa = PBXFileReference; lastKnownFileType = sourcecode.cpp.cpp; path = ClassNotes.cpp; sourceTree = "<group>"; };
		95C0EDD425A4E3D60038D9D8 /* CPP132 */ = {isa = PBXFileReference; explicitFileType = "compiled.mach-o.executable"; includeInIndex = 0; path = CPP132; sourceTree = BUILT_PRODUCTS_DIR; };
		95C0EDEB25A4E7B20038D9D8 /* charString.cpp */ = {isa = PBXFileReference; lastKnownFileType = sourcecode.cpp.cpp; path = charString.cpp; sourceTree = "<group>"; };
		95C28D1825B5F24A004813B4 /* PasswordEncrypter.cpp */ = {isa = PBXFileReference; fileEncoding = 4; lastKnownFileType = sourcecode.cpp.cpp; path = PasswordEncrypter.cpp; sourceTree = "<group>"; };
		95C28D1D25B6ADBF004813B4 /* masterFile.txt */ = {isa = PBXFileReference; lastKnownFileType = text; path = masterFile.txt; sourceTree = "<group>"; };
		95D5F68F25A8D5ED0031B7DD /* StructData.cpp */ = {isa = PBXFileReference; lastKnownFileType = sourcecode.cpp.cpp; path = StructData.cpp; sourceTree = "<group>"; };
		95E4302025A78587000BD22A /* AssignmentOne.cpp */ = {isa = PBXFileReference; lastKnownFileType = sourcecode.cpp.cpp; path = AssignmentOne.cpp; sourceTree = "<group>"; };
		95E4302325A78646000BD22A /* WordList.txt */ = {isa = PBXFileReference; lastKnownFileType = text; path = WordList.txt; sourceTree = "<group>"; };
/* End PBXFileReference section */

/* Begin PBXFrameworksBuildPhase section */
		95C0EDD125A4E3D60038D9D8 /* Frameworks */ = {
			isa = PBXFrameworksBuildPhase;
			buildActionMask = 2147483647;
			files = (
			);
			runOnlyForDeploymentPostprocessing = 0;
		};
/* End PBXFrameworksBuildPhase section */

/* Begin PBXGroup section */
		9540719325B0BF0600C84EDE /* Classes in diff files */ = {
			isa = PBXGroup;
			children = (
				95AC31E425B210EC009835D4 /* Students */,
				95AC31E325B210C7009835D4 /* shapes */,
			);
			path = "Classes in diff files";
			sourceTree = "<group>";
		};
		95AC31E325B210C7009835D4 /* shapes */ = {
			isa = PBXGroup;
			children = (
				9540719925B0C10D00C84EDE /* Shapes.cpp */,
				9540719425B0C04500C84EDE /* ClassR.cpp */,
				9540719525B0C04500C84EDE /* ClassR.hpp */,
			);
			path = shapes;
			sourceTree = "<group>";
		};
		95AC31E425B210EC009835D4 /* Students */ = {
			isa = PBXGroup;
			children = (
				95AC31E525B21129009835D4 /* StudentClassExamples.cpp */,
				95AC31E925B211F7009835D4 /* StudentClass.cpp */,
				95AC31EA25B211F7009835D4 /* StudentClass.hpp */,
			);
			path = Students;
			sourceTree = "<group>";
		};
		95C0EDCB25A4E3D60038D9D8 = {
			isa = PBXGroup;
			children = (
				95C0EDD625A4E3D60038D9D8 /* CPP132 */,
				95C0EDD525A4E3D60038D9D8 /* Products */,
			);
			sourceTree = "<group>";
		};
		95C0EDD525A4E3D60038D9D8 /* Products */ = {
			isa = PBXGroup;
			children = (
				95C0EDD425A4E3D60038D9D8 /* CPP132 */,
			);
			name = Products;
			sourceTree = "<group>";
		};
		95C0EDD625A4E3D60038D9D8 /* CPP132 */ = {
			isa = PBXGroup;
			children = (
				95C28D1D25B6ADBF004813B4 /* masterFile.txt */,
				95E4302325A78646000BD22A /* WordList.txt */,
				95C0EDE125A4E3F30038D9D8 /* Homework */,
				95C0EDE025A4E3E90038D9D8 /* Notes */,
			);
			path = CPP132;
			sourceTree = "<group>";
		};
		95C0EDE025A4E3E90038D9D8 /* Notes */ = {
			isa = PBXGroup;
			children = (
				9540719325B0BF0600C84EDE /* Classes in diff files */,
				95C0EDEB25A4E7B20038D9D8 /* charString.cpp */,
				95D5F68F25A8D5ED0031B7DD /* StructData.cpp */,
				9570D2BC25ACCFDB001C7F50 /* Student.cpp */,
				95BA45A125AF6D390008AE9C /* ClassNotes.cpp */,
			);
			path = Notes;
			sourceTree = "<group>";
		};
		95C0EDE125A4E3F30038D9D8 /* Homework */ = {
			isa = PBXGroup;
			children = (
				95E4302625A787EC000BD22A /* Mini assignments */,
				95E4302525A787E1000BD22A /* Assignments */,
			);
			path = Homework;
			sourceTree = "<group>";
		};
		95E4302525A787E1000BD22A /* Assignments */ = {
			isa = PBXGroup;
			children = (
				95C28D1825B5F24A004813B4 /* PasswordEncrypter.cpp */,
				95E4302025A78587000BD22A /* AssignmentOne.cpp */,
			);
			path = Assignments;
			sourceTree = "<group>";
		};
		95E4302625A787EC000BD22A /* Mini assignments */ = {
			isa = PBXGroup;
			children = (
				954497E325ABB0A6006E0C77 /* InClassAssignment1.cpp */,
				954BB32625AE9928000FBDD5 /* SoccerPlayers.cpp */,
			);
			path = "Mini assignments";
			sourceTree = "<group>";
		};
/* End PBXGroup section */

/* Begin PBXNativeTarget section */
		95C0EDD325A4E3D60038D9D8 /* CPP132 */ = {
			isa = PBXNativeTarget;
			buildConfigurationList = 95C0EDDB25A4E3D60038D9D8 /* Build configuration list for PBXNativeTarget "CPP132" */;
			buildPhases = (
				95C0EDD025A4E3D60038D9D8 /* Sources */,
				95C0EDD125A4E3D60038D9D8 /* Frameworks */,
				95C0EDD225A4E3D60038D9D8 /* CopyFiles */,
			);
			buildRules = (
			);
			dependencies = (
			);
			name = CPP132;
			productName = CPP132;
			productReference = 95C0EDD425A4E3D60038D9D8 /* CPP132 */;
			productType = "com.apple.product-type.tool";
		};
/* End PBXNativeTarget section */

/* Begin PBXProject section */
		95C0EDCC25A4E3D60038D9D8 /* Project object */ = {
			isa = PBXProject;
			attributes = {
				LastSwiftUpdateCheck = 1230;
				LastUpgradeCheck = 1230;
				TargetAttributes = {
					95C0EDD325A4E3D60038D9D8 = {
						CreatedOnToolsVersion = 12.3;
					};
				};
			};
			buildConfigurationList = 95C0EDCF25A4E3D60038D9D8 /* Build configuration list for PBXProject "CPP132" */;
			compatibilityVersion = "Xcode 9.3";
			developmentRegion = en;
			hasScannedForEncodings = 0;
			knownRegions = (
				en,
				Base,
			);
			mainGroup = 95C0EDCB25A4E3D60038D9D8;
			productRefGroup = 95C0EDD525A4E3D60038D9D8 /* Products */;
			projectDirPath = "";
			projectRoot = "";
			targets = (
				95C0EDD325A4E3D60038D9D8 /* CPP132 */,
			);
		};
/* End PBXProject section */

/* Begin PBXSourcesBuildPhase section */
		95C0EDD025A4E3D60038D9D8 /* Sources */ = {
			isa = PBXSourcesBuildPhase;
			buildActionMask = 2147483647;
			files = (
				95C0EDED25A4E7B20038D9D8 /* charString.cpp in Sources */,
				95AC31E625B21129009835D4 /* StudentClassExamples.cpp in Sources */,
				95BA45A225AF6D390008AE9C /* ClassNotes.cpp in Sources */,
				95E4302125A78587000BD22A /* AssignmentOne.cpp in Sources */,
				9540719625B0C04500C84EDE /* ClassR.cpp in Sources */,
				95C28D1925B5F24A004813B4 /* PasswordEncrypter.cpp in Sources */,
				954497E425ABB0A6006E0C77 /* InClassAssignment1.cpp in Sources */,
				9570D2BD25ACCFDB001C7F50 /* Student.cpp in Sources */,
				9540719A25B0C10D00C84EDE /* Shapes.cpp in Sources */,
				95D5F69025A8D5ED0031B7DD /* StructData.cpp in Sources */,
				95AC31EB25B211F7009835D4 /* StudentClass.cpp in Sources */,
				954BB32725AE9928000FBDD5 /* SoccerPlayers.cpp in Sources */,
			);
			runOnlyForDeploymentPostprocessing = 0;
		};
/* End PBXSourcesBuildPhase section */

/* Begin XCBuildConfiguration section */
		95C0EDD925A4E3D60038D9D8 /* Debug */ = {
			isa = XCBuildConfiguration;
			buildSettings = {
				ALWAYS_SEARCH_USER_PATHS = NO;
				CLANG_ANALYZER_NONNULL = YES;
				CLANG_ANALYZER_NUMBER_OBJECT_CONVERSION = YES_AGGRESSIVE;
				CLANG_CXX_LANGUAGE_STANDARD = "gnu++14";
				CLANG_CXX_LIBRARY = "libc++";
				CLANG_ENABLE_MODULES = YES;
				CLANG_ENABLE_OBJC_ARC = YES;
				CLANG_ENABLE_OBJC_WEAK = YES;
				CLANG_WARN_BLOCK_CAPTURE_AUTORELEASING = YES;
				CLANG_WARN_BOOL_CONVERSION = YES;
				CLANG_WARN_COMMA = YES;
				CLANG_WARN_CONSTANT_CONVERSION = YES;
				CLANG_WARN_DEPRECATED_OBJC_IMPLEMENTATIONS = YES;
				CLANG_WARN_DIRECT_OBJC_ISA_USAGE = YES_ERROR;
				CLANG_WARN_DOCUMENTATION_COMMENTS = YES;
				CLANG_WARN_EMPTY_BODY = YES;
				CLANG_WARN_ENUM_CONVERSION = YES;
				CLANG_WARN_INFINITE_RECURSION = YES;
				CLANG_WARN_INT_CONVERSION = YES;
				CLANG_WARN_NON_LITERAL_NULL_CONVERSION = YES;
				CLANG_WARN_OBJC_IMPLICIT_RETAIN_SELF = YES;
				CLANG_WARN_OBJC_LITERAL_CONVERSION = YES;
				CLANG_WARN_OBJC_ROOT_CLASS = YES_ERROR;
				CLANG_WARN_QUOTED_INCLUDE_IN_FRAMEWORK_HEADER = YES;
				CLANG_WARN_RANGE_LOOP_ANALYSIS = YES;
				CLANG_WARN_STRICT_PROTOTYPES = YES;
				CLANG_WARN_SUSPICIOUS_MOVE = YES;
				CLANG_WARN_UNGUARDED_AVAILABILITY = YES_AGGRESSIVE;
				CLANG_WARN_UNREACHABLE_CODE = YES;
				CLANG_WARN__DUPLICATE_METHOD_MATCH = YES;
				COPY_PHASE_STRIP = NO;
				DEBUG_INFORMATION_FORMAT = dwarf;
				ENABLE_STRICT_OBJC_MSGSEND = YES;
				ENABLE_TESTABILITY = YES;
				GCC_C_LANGUAGE_STANDARD = gnu11;
				GCC_DYNAMIC_NO_PIC = NO;
				GCC_NO_COMMON_BLOCKS = YES;
				GCC_OPTIMIZATION_LEVEL = 0;
				GCC_PREPROCESSOR_DEFINITIONS = (
					"DEBUG=1",
					"$(inherited)",
				);
				GCC_WARN_64_TO_32_BIT_CONVERSION = YES;
				GCC_WARN_ABOUT_RETURN_TYPE = YES_ERROR;
				GCC_WARN_UNDECLARED_SELECTOR = YES;
				GCC_WARN_UNINITIALIZED_AUTOS = YES_AGGRESSIVE;
				GCC_WARN_UNUSED_FUNCTION = YES;
				GCC_WARN_UNUSED_VARIABLE = YES;
				MACOSX_DEPLOYMENT_TARGET = 11.1;
				MTL_ENABLE_DEBUG_INFO = INCLUDE_SOURCE;
				MTL_FAST_MATH = YES;
				ONLY_ACTIVE_ARCH = YES;
				SDKROOT = macosx;
				SWIFT_ACTIVE_COMPILATION_CONDITIONS = DEBUG;
				SWIFT_OPTIMIZATION_LEVEL = "-Onone";
			};
			name = Debug;
		};
		95C0EDDA25A4E3D60038D9D8 /* Release */ = {
			isa = XCBuildConfiguration;
			buildSettings = {
				ALWAYS_SEARCH_USER_PATHS = NO;
				CLANG_ANALYZER_NONNULL = YES;
				CLANG_ANALYZER_NUMBER_OBJECT_CONVERSION = YES_AGGRESSIVE;
				CLANG_CXX_LANGUAGE_STANDARD = "gnu++14";
				CLANG_CXX_LIBRARY = "libc++";
				CLANG_ENABLE_MODULES = YES;
				CLANG_ENABLE_OBJC_ARC = YES;
				CLANG_ENABLE_OBJC_WEAK = YES;
				CLANG_WARN_BLOCK_CAPTURE_AUTORELEASING = YES;
				CLANG_WARN_BOOL_CONVERSION = YES;
				CLANG_WARN_COMMA = YES;
				CLANG_WARN_CONSTANT_CONVERSION = YES;
				CLANG_WARN_DEPRECATED_OBJC_IMPLEMENTATIONS = YES;
				CLANG_WARN_DIRECT_OBJC_ISA_USAGE = YES_ERROR;
				CLANG_WARN_DOCUMENTATION_COMMENTS = YES;
				CLANG_WARN_EMPTY_BODY = YES;
				CLANG_WARN_ENUM_CONVERSION = YES;
				CLANG_WARN_INFINITE_RECURSION = YES;
				CLANG_WARN_INT_CONVERSION = YES;
				CLANG_WARN_NON_LITERAL_NULL_CONVERSION = YES;
				CLANG_WARN_OBJC_IMPLICIT_RETAIN_SELF = YES;
				CLANG_WARN_OBJC_LITERAL_CONVERSION = YES;
				CLANG_WARN_OBJC_ROOT_CLASS = YES_ERROR;
				CLANG_WARN_QUOTED_INCLUDE_IN_FRAMEWORK_HEADER = YES;
				CLANG_WARN_RANGE_LOOP_ANALYSIS = YES;
				CLANG_WARN_STRICT_PROTOTYPES = YES;
				CLANG_WARN_SUSPICIOUS_MOVE = YES;
				CLANG_WARN_UNGUARDED_AVAILABILITY = YES_AGGRESSIVE;
				CLANG_WARN_UNREACHABLE_CODE = YES;
				CLANG_WARN__DUPLICATE_METHOD_MATCH = YES;
				COPY_PHASE_STRIP = NO;
				DEBUG_INFORMATION_FORMAT = "dwarf-with-dsym";
				ENABLE_NS_ASSERTIONS = NO;
				ENABLE_STRICT_OBJC_MSGSEND = YES;
				GCC_C_LANGUAGE_STANDARD = gnu11;
				GCC_NO_COMMON_BLOCKS = YES;
				GCC_WARN_64_TO_32_BIT_CONVERSION = YES;
				GCC_WARN_ABOUT_RETURN_TYPE = YES_ERROR;
				GCC_WARN_UNDECLARED_SELECTOR = YES;
				GCC_WARN_UNINITIALIZED_AUTOS = YES_AGGRESSIVE;
				GCC_WARN_UNUSED_FUNCTION = YES;
				GCC_WARN_UNUSED_VARIABLE = YES;
				MACOSX_DEPLOYMENT_TARGET = 11.1;
				MTL_ENABLE_DEBUG_INFO = NO;
				MTL_FAST_MATH = YES;
				SDKROOT = macosx;
				SWIFT_COMPILATION_MODE = wholemodule;
				SWIFT_OPTIMIZATION_LEVEL = "-O";
			};
			name = Release;
		};
		95C0EDDC25A4E3D60038D9D8 /* Debug */ = {
			isa = XCBuildConfiguration;
			buildSettings = {
				CODE_SIGN_STYLE = Automatic;
				DEVELOPMENT_TEAM = CW7RK4BNJW;
				ENABLE_HARDENED_RUNTIME = YES;
				PRODUCT_NAME = "$(TARGET_NAME)";
				SWIFT_VERSION = 5.0;
			};
			name = Debug;
		};
		95C0EDDD25A4E3D60038D9D8 /* Release */ = {
			isa = XCBuildConfiguration;
			buildSettings = {
				CODE_SIGN_STYLE = Automatic;
				DEVELOPMENT_TEAM = CW7RK4BNJW;
				ENABLE_HARDENED_RUNTIME = YES;
				PRODUCT_NAME = "$(TARGET_NAME)";
				SWIFT_VERSION = 5.0;
			};
			name = Release;
		};
/* End XCBuildConfiguration section */

/* Begin XCConfigurationList section */
		95C0EDCF25A4E3D60038D9D8 /* Build configuration list for PBXProject "CPP132" */ = {
			isa = XCConfigurationList;
			buildConfigurations = (
				95C0EDD925A4E3D60038D9D8 /* Debug */,
				95C0EDDA25A4E3D60038D9D8 /* Release */,
			);
			defaultConfigurationIsVisible = 0;
			defaultConfigurationName = Release;
		};
		95C0EDDB25A4E3D60038D9D8 /* Build configuration list for PBXNativeTarget "CPP132" */ = {
			isa = XCConfigurationList;
			buildConfigurations = (
				95C0EDDC25A4E3D60038D9D8 /* Debug */,
				95C0EDDD25A4E3D60038D9D8 /* Release */,
			);
			defaultConfigurationIsVisible = 0;
			defaultConfigurationName = Release;
		};
/* End XCConfigurationList section */
	};
	rootObject = 95C0EDCC25A4E3D60038D9D8 /* Project object */;
}
